
Microsoft Visual Studio Solution File, Format Version 12.00
# Visual Studio 2012
Project("{E24C65DC-7377-472B-9ABA-BC803B73C61A}") = "CalendarSite", "http://localhost:18214", "{07E2FD7A-05EC-4FE5-96B6-BA022AF0ED3B}"
	ProjectSection(WebsiteProperties) = preProject
		UseIISExpress = "true"
		TargetFrameworkMoniker = ".NETFramework,Version%3Dv4.5"
		Debug.AspNetCompiler.VirtualPath = "/localhost_18214"
		Debug.AspNetCompiler.PhysicalPath = "CalendarSite\"
		Debug.AspNetCompiler.TargetPath = "PrecompiledWeb\localhost_18214\"
		Debug.AspNetCompiler.Updateable = "true"
		Debug.AspNetCompiler.ForceOverwrite = "true"
		Debug.AspNetCompiler.FixedNames = "false"
		Debug.AspNetCompiler.Debug = "True"
		Release.AspNetCompiler.VirtualPath = "/localhost_18214"
		Release.AspNetCompiler.PhysicalPath = "CalendarSite\"
		Release.AspNetCompiler.TargetPath = "PrecompiledWeb\localhost_18214\"
		Release.AspNetCompiler.Updateable = "true"
		Release.AspNetCompiler.ForceOverwrite = "true"
		Release.AspNetCompiler.FixedNames = "false"
		Release.AspNetCompiler.Debug = "False"
		SlnRelativePath = "CalendarSite\"
		DefaultWebSiteLanguage = "Visual Basic"
	EndProjectSection
EndProject
Project("{FAE04EC0-301F-11D3-BF4B-00C04F79EFBC}") = "Tests", "Tests\Tests.csproj", "{8317A2F0-E2B2-4F3E-881B-32144B50AA08}"
EndProject
Global
	GlobalSection(SolutionConfigurationPlatforms) = preSolution
		Debug|Any CPU = Debug|Any CPU
		Release|Any CPU = Release|Any CPU
	EndGlobalSection
	GlobalSection(ProjectConfigurationPlatforms) = postSolution
		{07E2FD7A-05EC-4FE5-96B6-BA022AF0ED3B}.Debug|Any CPU.ActiveCfg = Debug|Any CPU
		{07E2FD7A-05EC-4FE5-96B6-BA022AF0ED3B}.Debug|Any CPU.Build.0 = Debug|Any CPU
		{07E2FD7A-05EC-4FE5-96B6-BA022AF0ED3B}.Release|Any CPU.ActiveCfg = Debug|Any CPU
		{07E2FD7A-05EC-4FE5-96B6-BA022AF0ED3B}.Release|Any CPU.Build.0 = Debug|Any CPU
		{8317A2F0-E2B2-4F3E-881B-32144B50AA08}.Debug|Any CPU.ActiveCfg = Debug|Any CPU
		{8317A2F0-E2B2-4F3E-881B-32144B50AA08}.Debug|Any CPU.Build.0 = Debug|Any CPU
		{8317A2F0-E2B2-4F3E-881B-32144B50AA08}.Release|Any CPU.ActiveCfg = Release|Any CPU
		{8317A2F0-E2B2-4F3E-881B-32144B50AA08}.Release|Any CPU.Build.0 = Release|Any CPU
	EndGlobalSection
	GlobalSection(SolutionProperties) = preSolution
		HideSolutionNode = FALSE
	EndGlobalSection
EndGlobal
